
Microsoft Visual Studio Solution File, Format Version 12.00
# Visual Studio 15
VisualStudioVersion = 15.0.28307.902
MinimumVisualStudioVersion = 10.0.40219.1
Project("{9A19103F-16F7-4668-BE54-9A1E7A4F7556}") = "manpower", "manpower.csproj", "{FC706832-5B1F-4D3B-9777-88CF7BAED9FA}"
EndProject
Global
	GlobalSection(SolutionConfigurationPlatforms) = preSolution
		Debug|Any CPU = Debug|Any CPU
		Release|Any CPU = Release|Any CPU
	EndGlobalSection
	GlobalSection(ProjectConfigurationPlatforms) = postSolution
		{FC706832-5B1F-4D3B-9777-88CF7BAED9FA}.Debug|Any CPU.ActiveCfg = Debug|Any CPU
		{FC706832-5B1F-4D3B-9777-88CF7BAED9FA}.Debug|Any CPU.Build.0 = Debug|Any CPU
		{FC706832-5B1F-4D3B-9777-88CF7BAED9FA}.Release|Any CPU.ActiveCfg = Release|Any CPU
		{FC706832-5B1F-4D3B-9777-88CF7BAED9FA}.Release|Any CPU.Build.0 = Release|Any CPU
	EndGlobalSection
	GlobalSection(SolutionProperties) = preSolution
		HideSolutionNode = FALSE
	EndGlobalSection
	GlobalSection(ExtensibilityGlobals) = postSolution
		SolutionGuid = {57AD59CA-CF0B-4A5C-A82C-A3182F045827}
	EndGlobalSection
EndGlobal
